// !$*UTF8*$!
{
	archiveVersion = 1;
	classes = {
	};
	objectVersion = 46;
	objects = {

/* Begin PBXBuildFile section */
		FA75F1D91591A91D00B631F0 /* UIKit.framework in Frameworks */ = {isa = PBXBuildFile; fileRef = FA75F1D81591A91D00B631F0 /* UIKit.framework */; };
		FA75F1DB1591A91D00B631F0 /* Foundation.framework in Frameworks */ = {isa = PBXBuildFile; fileRef = FA75F1DA1591A91D00B631F0 /* Foundation.framework */; };
		FA75F1DD1591A91D00B631F0 /* CoreGraphics.framework in Frameworks */ = {isa = PBXBuildFile; fileRef = FA75F1DC1591A91D00B631F0 /* CoreGraphics.framework */; };
		FA75F1E31591A91D00B631F0 /* InfoPlist.strings in Resources */ = {isa = PBXBuildFile; fileRef = FA75F1E11591A91D00B631F0 /* InfoPlist.strings */; };
		FA75F1E51591A91D00B631F0 /* main.m in Sources */ = {isa = PBXBuildFile; fileRef = FA75F1E41591A91D00B631F0 /* main.m */; };
		FA75F1E91591A91D00B631F0 /* CCAppDelegate.m in Sources */ = {isa = PBXBuildFile; fileRef = FA75F1E81591A91D00B631F0 /* CCAppDelegate.m */; };
/* End PBXBuildFile section */

/* Begin PBXFileReference section */
		FA75F1D41591A91D00B631F0 /* fackbook.app */ = {isa = PBXFileReference; explicitFileType = wrapper.application; includeInIndex = 0; path = fackbook.app; sourceTree = BUILT_PRODUCTS_DIR; };
		FA75F1D81591A91D00B631F0 /* UIKit.framework */ = {isa = PBXFileReference; lastKnownFileType = wrapper.framework; name = UIKit.framework; path = System/Library/Frameworks/UIKit.framework; sourceTree = SDKROOT; };
		FA75F1DA1591A91D00B631F0 /* Foundation.framework */ = {isa = PBXFileReference; lastKnownFileType = wrapper.framework; name = Foundation.framework; path = System/Library/Frameworks/Foundation.framework; sourceTree = SDKROOT; };
		FA75F1DC1591A91D00B631F0 /* CoreGraphics.framework */ = {isa = PBXFileReference; lastKnownFileType = wrapper.framework; name = CoreGraphics.framework; path = System/Library/Frameworks/CoreGraphics.framework; sourceTree = SDKROOT; };
		FA75F1E01591A91D00B631F0 /* fackbook-Info.plist */ = {isa = PBXFileReference; lastKnownFileType = text.plist.xml; path = "fackbook-Info.plist"; sourceTree = "<group>"; };
		FA75F1E21591A91D00B631F0 /* en */ = {isa = PBXFileReference; lastKnownFileType = text.plist.strings; name = en; path = en.lproj/InfoPlist.strings; sourceTree = "<group>"; };
		FA75F1E41591A91D00B631F0 /* main.m */ = {isa = PBXFileReference; lastKnownFileType = sourcecode.c.objc; path = main.m; sourceTree = "<group>"; };
		FA75F1E61591A91D00B631F0 /* fackbook-Prefix.pch */ = {isa = PBXFileReference; lastKnownFileType = sourcecode.c.h; path = "fackbook-Prefix.pch"; sourceTree = "<group>"; };
		FA75F1E71591A91D00B631F0 /* CCAppDelegate.h */ = {isa = PBXFileReference; lastKnownFileType = sourcecode.c.h; path = CCAppDelegate.h; sourceTree = "<group>"; };
		FA75F1E81591A91D00B631F0 /* CCAppDelegate.m */ = {isa = PBXFileReference; lastKnownFileType = sourcecode.c.objc; path = CCAppDelegate.m; sourceTree = "<group>"; };
/* End PBXFileReference section */

/* Begin PBXFrameworksBuildPhase section */
		FA75F1D11591A91D00B631F0 /* Frameworks */ = {
			isa = PBXFrameworksBuildPhase;
			buildActionMask = 2147483647;
			files = (
				FA75F1D91591A91D00B631F0 /* UIKit.framework in Frameworks */,
				FA75F1DB1591A91D00B631F0 /* Foundation.framework in Frameworks */,
				FA75F1DD1591A91D00B631F0 /* CoreGraphics.framework in Frameworks */,
			);
			runOnlyForDeploymentPostprocessing = 0;
		};
/* End PBXFrameworksBuildPhase section */

/* Begin PBXGroup section */
		FA75F1C91591A91D00B631F0 = {
			isa = PBXGroup;
			children = (
				FA75F1DE1591A91D00B631F0 /* fackbook */,
				FA75F1D71591A91D00B631F0 /* Frameworks */,
				FA75F1D51591A91D00B631F0 /* Products */,
			);
			sourceTree = "<group>";
		};
		FA75F1D51591A91D00B631F0 /* Products */ = {
			isa = PBXGroup;
			children = (
				FA75F1D41591A91D00B631F0 /* fackbook.app */,
			);
			name = Products;
			sourceTree = "<group>";
		};
		FA75F1D71591A91D00B631F0 /* Frameworks */ = {
			isa = PBXGroup;
			children = (
				FA75F1D81591A91D00B631F0 /* UIKit.framework */,
				FA75F1DA1591A91D00B631F0 /* Foundation.framework */,
				FA75F1DC1591A91D00B631F0 /* CoreGraphics.framework */,
			);
			name = Frameworks;
			sourceTree = "<group>";
		};
		FA75F1DE1591A91D00B631F0 /* fackbook */ = {
			isa = PBXGroup;
			children = (
				FA75F1E71591A91D00B631F0 /* CCAppDelegate.h */,
				FA75F1E81591A91D00B631F0 /* CCAppDelegate.m */,
				FA75F1DF1591A91D00B631F0 /* Supporting Files */,
			);
			path = fackbook;
			sourceTree = "<group>";
		};
		FA75F1DF1591A91D00B631F0 /* Supporting Files */ = {
			isa = PBXGroup;
			children = (
				FA75F1E01591A91D00B631F0 /* fackbook-Info.plist */,
				FA75F1E11591A91D00B631F0 /* InfoPlist.strings */,
				FA75F1E41591A91D00B631F0 /* main.m */,
				FA75F1E61591A91D00B631F0 /* fackbook-Prefix.pch */,
			);
			name = "Supporting Files";
			sourceTree = "<group>";
		};
/* End PBXGroup section */

/* Begin PBXNativeTarget section */
		FA75F1D31591A91D00B631F0 /* fackbook */ = {
			isa = PBXNativeTarget;
			buildConfigurationList = FA75F1EC1591A91D00B631F0 /* Build configuration list for PBXNativeTarget "fackbook" */;
			buildPhases = (
				FA75F1D01591A91D00B631F0 /* Sources */,
				FA75F1D11591A91D00B631F0 /* Frameworks */,
				FA75F1D21591A91D00B631F0 /* Resources */,
			);
			buildRules = (
			);
			dependencies = (
			);
			name = fackbook;
			productName = fackbook;
			productReference = FA75F1D41591A91D00B631F0 /* fackbook.app */;
			productType = "com.apple.product-type.application";
		};
/* End PBXNativeTarget section */

/* Begin PBXProject section */
		FA75F1CB1591A91D00B631F0 /* Project object */ = {
			isa = PBXProject;
			attributes = {
				CLASSPREFIX = CC;
				LastUpgradeCheck = 0430;
				ORGANIZATIONNAME = "alex@thecellcity.com";
			};
			buildConfigurationList = FA75F1CE1591A91D00B631F0 /* Build configuration list for PBXProject "fackbook" */;
			compatibilityVersion = "Xcode 3.2";
			developmentRegion = English;
			hasScannedForEncodings = 0;
			knownRegions = (
				en,
			);
			mainGroup = FA75F1C91591A91D00B631F0;
			productRefGroup = FA75F1D51591A91D00B631F0 /* Products */;
			projectDirPath = "";
			projectRoot = "";
			targets = (
				FA75F1D31591A91D00B631F0 /* fackbook */,
			);
		};
/* End PBXProject section */

/* Begin PBXResourcesBuildPhase section */
		FA75F1D21591A91D00B631F0 /* Resources */ = {
			isa = PBXResourcesBuildPhase;
			buildActionMask = 2147483647;
			files = (
				FA75F1E31591A91D00B631F0 /* InfoPlist.strings in Resources */,
			);
			runOnlyForDeploymentPostprocessing = 0;
		};
/* End PBXResourcesBuildPhase section */

/* Begin PBXSourcesBuildPhase section */
		FA75F1D01591A91D00B631F0 /* Sources */ = {
			isa = PBXSourcesBuildPhase;
			buildActionMask = 2147483647;
			files = (
				FA75F1E51591A91D00B631F0 /* main.m in Sources */,
				FA75F1E91591A91D00B631F0 /* CCAppDelegate.m in Sources */,
			);
			runOnlyForDeploymentPostprocessing = 0;
		};
/* End PBXSourcesBuildPhase section */

/* Begin PBXVariantGroup section */
		FA75F1E11591A91D00B631F0 /* InfoPlist.strings */ = {
			isa = PBXVariantGroup;
			children = (
				FA75F1E21591A91D00B631F0 /* en */,
			);
			name = InfoPlist.strings;
			sourceTree = "<group>";
		};
/* End PBXVariantGroup section */

/* Begin XCBuildConfiguration section */
		FA75F1EA1591A91D00B631F0 /* Debug */ = {
			isa = XCBuildConfiguration;
			buildSettings = {
				ALWAYS_SEARCH_USER_PATHS = NO;
				ARCHS = "$(ARCHS_STANDARD_32_BIT)";
				"CODE_SIGN_IDENTITY[sdk=iphoneos*]" = "iPhone Developer";
				COPY_PHASE_STRIP = NO;
				GCC_C_LANGUAGE_STANDARD = gnu99;
				GCC_DYNAMIC_NO_PIC = NO;
				GCC_OPTIMIZATION_LEVEL = 0;
				GCC_PREPROCESSOR_DEFINITIONS = (
					"DEBUG=1",
					"$(inherited)",
				);
				GCC_SYMBOLS_PRIVATE_EXTERN = NO;
				GCC_VERSION = com.apple.compilers.llvm.clang.1_0;
				GCC_WARN_ABOUT_RETURN_TYPE = YES;
				GCC_WARN_UNINITIALIZED_AUTOS = YES;
				GCC_WARN_UNUSED_VARIABLE = YES;
				IPHONEOS_DEPLOYMENT_TARGET = 5.1;
				SDKROOT = iphoneos;
			};
			name = Debug;
		};
		FA75F1EB1591A91D00B631F0 /* Release */ = {
			isa = XCBuildConfiguration;
			buildSettings = {
				ALWAYS_SEARCH_USER_PATHS = NO;
				ARCHS = "$(ARCHS_STANDARD_32_BIT)";
				"CODE_SIGN_IDENTITY[sdk=iphoneos*]" = "iPhone Developer";
				COPY_PHASE_STRIP = YES;
				GCC_C_LANGUAGE_STANDARD = gnu99;
				GCC_VERSION = com.apple.compilers.llvm.clang.1_0;
				GCC_WARN_ABOUT_RETURN_TYPE = YES;
				GCC_WARN_UNINITIALIZED_AUTOS = YES;
				GCC_WARN_UNUSED_VARIABLE = YES;
				IPHONEOS_DEPLOYMENT_TARGET = 5.1;
				OTHER_CFLAGS = "-DNS_BLOCK_ASSERTIONS=1";
				SDKROOT = iphoneos;
				VALIDATE_PRODUCT = YES;
			};
			name = Release;
		};
		FA75F1ED1591A91D00B631F0 /* Debug */ = {
			isa = XCBuildConfiguration;
			buildSettings = {
				GCC_PRECOMPILE_PREFIX_HEADER = YES;
				GCC_PREFIX_HEADER = "fackbook/fackbook-Prefix.pch";
				INFOPLIST_FILE = "fackbook/fackbook-Info.plist";
				PRODUCT_NAME = "$(TARGET_NAME)";
				WRAPPER_EXTENSION = app;
			};
			name = Debug;
		};
		FA75F1EE1591A91D00B631F0 /* Release */ = {
			isa = XCBuildConfiguration;
			buildSettings = {
				GCC_PRECOMPILE_PREFIX_HEADER = YES;
				GCC_PREFIX_HEADER = "fackbook/fackbook-Prefix.pch";
				INFOPLIST_FILE = "fackbook/fackbook-Info.plist";
				PRODUCT_NAME = "$(TARGET_NAME)";
				WRAPPER_EXTENSION = app;
			};
			name = Release;
		};
/* End XCBuildConfiguration section */

/* Begin XCConfigurationList section */
		FA75F1CE1591A91D00B631F0 /* Build configuration list for PBXProject "fackbook" */ = {
			isa = XCConfigurationList;
			buildConfigurations = (
				FA75F1EA1591A91D00B631F0 /* Debug */,
				FA75F1EB1591A91D00B631F0 /* Release */,
			);
			defaultConfigurationIsVisible = 0;
			defaultConfigurationName = Release;
		};
		FA75F1EC1591A91D00B631F0 /* Build configuration list for PBXNativeTarget "fackbook" */ = {
			isa = XCConfigurationList;
			buildConfigurations = (
				FA75F1ED1591A91D00B631F0 /* Debug */,
				FA75F1EE1591A91D00B631F0 /* Release */,
			);
			defaultConfigurationIsVisible = 0;
		};
/* End XCConfigurationList section */
	};
	rootObject = FA75F1CB1591A91D00B631F0 /* Project object */;
}
